
Microsoft Visual Studio Solution File, Format Version 12.00
# Visual Studio Version 17
VisualStudioVersion = 17.8.34330.188
MinimumVisualStudioVersion = 10.0.40219.1
Project("{FAE04EC0-301F-11D3-BF4B-00C04F79EFBC}") = "Shop_Api_PD221", "Shop_Api_PD221\Shop_Api_PD221.csproj", "{9DF33762-C652-4015-8453-8D2289C276B7}"
EndProject
Project("{9A19103F-16F7-4668-BE54-9A1E7A4F7556}") = "BusinessLogic", "BusinessLogic\BusinessLogic.csproj", "{4C5DF408-5839-452B-9906-8BE89DC282D3}"
EndProject
Project("{9A19103F-16F7-4668-BE54-9A1E7A4F7556}") = "DataAccess", "DataAccess\DataAccess.csproj", "{2C62C5E7-6397-4EA6-A0DB-0A29D96BC9AB}"
EndProject
Global
	GlobalSection(SolutionConfigurationPlatforms) = preSolution
		Debug|Any CPU = Debug|Any CPU
		Release|Any CPU = Release|Any CPU
	EndGlobalSection
	GlobalSection(ProjectConfigurationPlatforms) = postSolution
		{9DF33762-C652-4015-8453-8D2289C276B7}.Debug|Any CPU.ActiveCfg = Debug|Any CPU
		{9DF33762-C652-4015-8453-8D2289C276B7}.Debug|Any CPU.Build.0 = Debug|Any CPU
		{9DF33762-C652-4015-8453-8D2289C276B7}.Release|Any CPU.ActiveCfg = Release|Any CPU
		{9DF33762-C652-4015-8453-8D2289C276B7}.Release|Any CPU.Build.0 = Release|Any CPU
		{4C5DF408-5839-452B-9906-8BE89DC282D3}.Debug|Any CPU.ActiveCfg = Debug|Any CPU
		{4C5DF408-5839-452B-9906-8BE89DC282D3}.Debug|Any CPU.Build.0 = Debug|Any CPU
		{4C5DF408-5839-452B-9906-8BE89DC282D3}.Release|Any CPU.ActiveCfg = Release|Any CPU
		{4C5DF408-5839-452B-9906-8BE89DC282D3}.Release|Any CPU.Build.0 = Release|Any CPU
		{2C62C5E7-6397-4EA6-A0DB-0A29D96BC9AB}.Debug|Any CPU.ActiveCfg = Debug|Any CPU
		{2C62C5E7-6397-4EA6-A0DB-0A29D96BC9AB}.Debug|Any CPU.Build.0 = Debug|Any CPU
		{2C62C5E7-6397-4EA6-A0DB-0A29D96BC9AB}.Release|Any CPU.ActiveCfg = Release|Any CPU
		{2C62C5E7-6397-4EA6-A0DB-0A29D96BC9AB}.Release|Any CPU.Build.0 = Release|Any CPU
	EndGlobalSection
	GlobalSection(SolutionProperties) = preSolution
		HideSolutionNode = FALSE
	EndGlobalSection
	GlobalSection(ExtensibilityGlobals) = postSolution
		SolutionGuid = {0AA0218E-1E48-4BEB-8B24-6DA0C8864B13}
	EndGlobalSection
EndGlobal
